
Microsoft Visual Studio Solution File, Format Version 12.00
# Visual Studio 2013
VisualStudioVersion = 12.0.40629.0
MinimumVisualStudioVersion = 10.0.40219.1
Project("{FAE04EC0-301F-11D3-BF4B-00C04F79EFBC}") = "PassportValidationService", "PassportValidationService\PassportValidationService.csproj", "{26EC6548-6014-4D61-B9E1-3AA6E9034D9C}"
EndProject
Project("{FAE04EC0-301F-11D3-BF4B-00C04F79EFBC}") = "PassportValidationLib", "PassportValidationLib\PassportValidationLib.csproj", "{B33F93D2-BEC3-4ED3-9442-0D17F01B9662}"
EndProject
Global
	GlobalSection(SolutionConfigurationPlatforms) = preSolution
		Debug|Any CPU = Debug|Any CPU
		Release|Any CPU = Release|Any CPU
	EndGlobalSection
	GlobalSection(ProjectConfigurationPlatforms) = postSolution
		{26EC6548-6014-4D61-B9E1-3AA6E9034D9C}.Debug|Any CPU.ActiveCfg = Debug|Any CPU
		{26EC6548-6014-4D61-B9E1-3AA6E9034D9C}.Debug|Any CPU.Build.0 = Debug|Any CPU
		{26EC6548-6014-4D61-B9E1-3AA6E9034D9C}.Release|Any CPU.ActiveCfg = Release|Any CPU
		{26EC6548-6014-4D61-B9E1-3AA6E9034D9C}.Release|Any CPU.Build.0 = Release|Any CPU
		{B33F93D2-BEC3-4ED3-9442-0D17F01B9662}.Debug|Any CPU.ActiveCfg = Debug|Any CPU
		{B33F93D2-BEC3-4ED3-9442-0D17F01B9662}.Debug|Any CPU.Build.0 = Debug|Any CPU
		{B33F93D2-BEC3-4ED3-9442-0D17F01B9662}.Release|Any CPU.ActiveCfg = Release|Any CPU
		{B33F93D2-BEC3-4ED3-9442-0D17F01B9662}.Release|Any CPU.Build.0 = Release|Any CPU
	EndGlobalSection
	GlobalSection(SolutionProperties) = preSolution
		HideSolutionNode = FALSE
	EndGlobalSection
EndGlobal
